{
    "_readme": [
        "This file locks the dependencies of your project to a known state",
        "Read more about it at https://getcomposer.org/doc/01-basic-usage.md#composer-lock-the-lock-file",
        "This file is @generated automatically"
    ],
    "content-hash": "c422de26e36620d6c84a8ee07954b62d",
    "packages": [
        {
            "name": "pimple/pimple",
            "version": "v3.2.0",
            "source": {
                "type": "git",
                "url": "https://github.com/silexphp/Pimple.git",
                "reference": "729436408ef52f9845f9b60d60b2563f314bf1a9"
            },
            "dist": {
                "type": "zip",
                "url": "https://api.github.com/repos/silexphp/Pimple/zipball/729436408ef52f9845f9b60d60b2563f314bf1a9",
                "reference": "729436408ef52f9845f9b60d60b2563f314bf1a9",
                "shasum": ""
            },
            "require": {
                "php": ">=5.3.0",
                "psr/container": "^1.0"
            },
            "require-dev": {
                "symfony/phpunit-bridge": "^3.2"
            },
            "type": "library",
            "extra": {
                "branch-alias": {
                    "dev-master": "3.2.x-dev"
                }
            },
            "autoload": {
                "psr-0": {
                    "Pimple": "src/"
                }
            },
            "notification-url": "https://packagist.org/downloads/",
            "license": [
                "MIT"
            ],
            "authors": [
                {
                    "name": "Fabien Potencier",
                    "email": "fabien@symfony.com"
                }
            ],
            "description": "Pimple, a simple Dependency Injection Container",
            "homepage": "http://pimple.sensiolabs.org",
            "keywords": [
                "container",
                "dependency injection"
            ],
            "time": "2017-07-17T17:05:21+00:00"
        },
        {
            "name": "poweronsystem/helperservice",
            "version": "v0.1.0",
            "source": {
                "type": "git",
                "url": "https://github.com/PowerOnSystem/HelperService.git",
                "reference": "cdf7d27d659dad9d3dd0e74a55333a8378101890"
            },
            "dist": {
                "type": "zip",
                "url": "https://api.github.com/repos/PowerOnSystem/HelperService/zipball/cdf7d27d659dad9d3dd0e74a55333a8378101890",
                "reference": "cdf7d27d659dad9d3dd0e74a55333a8378101890",
                "shasum": ""
            },
            "require": {
                "php": ">=5.4",
                "pimple/pimple": "^3.0",
                "poweronsystem/webutility": "^0.1.0"
            },
            "require-dev": {
                "kint-php/kint": "^2.1"
            },
            "type": "library",
            "autoload": {
                "psr-4": {
                    "PowerOn\\Helper\\": "src"
                }
            },
            "notification-url": "https://packagist.org/downloads/",
            "license": [
                "GPL"
            ],
            "authors": [
                {
                    "name": "Lucas Sosa",
                    "email": "sosalucas87@gmail.com",
                    "homepage": "http://www.poweronsistemas.com.ar",
                    "role": "Developer"
                }
            ],
            "description": "Servicio de ayudantes en la escritura html.",
            "homepage": "https://github.com/poweronsystem/helperservice",
            "keywords": [
                "helper",
                "html easy",
                "html writer"
            ],
            "time": "2017-07-20T16:34:50+00:00"
        },
        {
            "name": "poweronsystem/webutility",
            "version": "v0.1.0",
            "source": {
                "type": "git",
                "url": "https://github.com/PowerOnSystem/WebUtility.git",
                "reference": "d9981d801bb0b25e34fd5225472e7fc2caeab1b6"
            },
            "dist": {
                "type": "zip",
                "url": "https://api.github.com/repos/PowerOnSystem/WebUtility/zipball/d9981d801bb0b25e34fd5225472e7fc2caeab1b6",
                "reference": "d9981d801bb0b25e34fd5225472e7fc2caeab1b6",
                "shasum": ""
            },
            "require": {
                "php": ">=5.4"
            },
            "require-dev": {
                "kint-php/kint": "^2.1"
            },
            "type": "library",
            "autoload": {
                "psr-4": {
                    "PowerOn\\Utility\\": "src"
                }
            },
            "notification-url": "https://packagist.org/downloads/",
            "license": [
                "GPL"
            ],
            "authors": [
                {
                    "name": "Lucas Sosa",
                    "email": "sosalucas87@gmail.com",
                    "homepage": "http://www.poweronsistemas.com.ar",
                    "role": "Developer"
                }
            ],
            "description": "Utilities for php programmers.",
            "homepage": "https://github.com/poweronsystem/webutility",
            "keywords": [
                "array hash",
                "inflector",
                "string formatter",
                "utilities"
            ],
            "time": "2017-07-20T12:18:18+00:00"
        },
        {
            "name": "psr/container",
            "version": "1.0.0",
            "source": {
                "type": "git",
                "url": "https://github.com/php-fig/container.git",
                "reference": "b7ce3b176482dbbc1245ebf52b181af44c2cf55f"
            },
            "dist": {
                "type": "zip",
                "url": "https://api.github.com/repos/php-fig/container/zipball/b7ce3b176482dbbc1245ebf52b181af44c2cf55f",
                "reference": "b7ce3b176482dbbc1245ebf52b181af44c2cf55f",
                "shasum": ""
            },
            "require": {
                "php": ">=5.3.0"
            },
            "type": "library",
            "extra": {
                "branch-alias": {
                    "dev-master": "1.0.x-dev"
                }
            },
            "autoload": {
                "psr-4": {
                    "Psr\\Container\\": "src/"
                }
            },
            "notification-url": "https://packagist.org/downloads/",
            "license": [
                "MIT"
            ],
            "authors": [
                {
                    "name": "PHP-FIG",
                    "homepage": "http://www.php-fig.org/"
                }
            ],
            "description": "Common Container Interface (PHP FIG PSR-11)",
            "homepage": "https://github.com/php-fig/container",
            "keywords": [
                "PSR-11",
                "container",
                "container-interface",
                "container-interop",
                "psr"
            ],
            "time": "2017-02-14T16:28:37+00:00"
        }
    ],
    "packages-dev": [
        {
            "name": "kint-php/kint",
            "version": "2.1.2",
            "source": {
                "type": "git",
                "url": "https://github.com/kint-php/kint.git",
                "reference": "1a1104729f10277b06d7db742d3c98d1881d4d7e"
            },
            "dist": {
                "type": "zip",
                "url": "https://api.github.com/repos/kint-php/kint/zipball/1a1104729f10277b06d7db742d3c98d1881d4d7e",
                "reference": "1a1104729f10277b06d7db742d3c98d1881d4d7e",
                "shasum": ""
            },
            "require": {
                "php": ">=5.1.2"
            },
            "require-dev": {
                "friendsofphp/php-cs-fixer": "^2.0",
                "phpunit/phpunit": "^4.0",
                "symfony/finder": "^2.6"
            },
            "type": "library",
            "autoload": {
                "files": [
                    "init.php"
                ],
                "classmap": [
                    "src/"
                ]
            },
            "notification-url": "https://packagist.org/downloads/",
            "license": [
                "MIT"
            ],
            "authors": [
                {
                    "name": "Rokas Šleinius",
                    "homepage": "https://github.com/raveren"
                },
                {
                    "name": "Jonathan Vollebregt",
                    "homepage": "https://github.com/jnvsor"
                },
                {
                    "name": "Contributors",
                    "homepage": "https://github.com/kint-php/kint/graphs/contributors"
                }
            ],
            "description": "Kint - debugging tool for PHP developers",
            "homepage": "https://kint-php.github.io/kint/",
            "keywords": [
                "debug",
                "kint",
                "php"
            ],
            "time": "2017-07-03T20:08:05+00:00"
        }
    ],
    "aliases": [],
    "minimum-stability": "stable",
    "stability-flags": [],
    "prefer-stable": false,
    "prefer-lowest": false,
    "platform": [],
    "platform-dev": []
}
